github.com/disintegration/imaging v1.6.2 h1:e1UOKWHH1Pl+5NX2FBuKlF/zc6pZLp+V7hLb1kJuJHo=
github.com/disintegration/imaging v1.6.2/go.mod h1:44/5580QXChDfwIclfc/PCwrr44amcmDAg8hxG0Ewe4=
github.com/go-chi/chi/v5 v5.0.12 h1:9euLV5sTrTNTRUU9POmDUvfxyijs/6yyi4ULu+5YuTE=
github.com/go-chi/chi/v5 v5.0.12/go.mod h1:DslCQbL2OYiznFReuXYUmovuv+y9KoKh2a/jlLRfTgo=
github.com/go-chi/cors v1.2.1 h1:L0uuZVXIKe8eFe8Sn7cx1+A5b7LgNrm4VUJP9GpQSAU=
github.com/go-chi/cors v1.2.1/go.mod h1:sSbTewc+6wYHBBCW7ytsFSn836hqM7JxpglAy2Vzc58=
github.com/google/uuid v1.6.0 h1:NIvaJDMnJnszg+gCJmEzG8PflvT0YH5eEiGDrxvN2y4=
github.com/google/uuid v1.6.0/go.mod h1:TIyPZe4MgqvfeYDBFedMoGGpEw/LqOeaOT+nhxU+yHo=
github.com/rwcarlsen/goexif v0.0.0-20190401172101-9e8deecbddbd h1:JBgIl2jLh0r7f7LMpEZhb53CTCEXQY3TxFVs3K+YNkc=
github.com/rwcarlsen/goexif v0.0.0-20190401172101-9e8deecbddbd/go.mod h1:hPAMXyzvkD5epazpqmdr32tHNpub2gBbFGUPoFIkEMo=
golang.org/x/image v0.15.0 h1:kOlGDNSCUT/clJFSFKAFmNAHDBNPnn6U8ZeROq3vaHU=
golang.org/x/image v0.15.0/go.mod h1:HN2oWjGVX4YQA1fzlMHBy+2sVBxb9fCcZ9aEONzTp8g=
